{
  "version": 4,
  "terraform_version": "1.9.3",
  "serial": 6,
  "lineage": "6fb2f3b7-4f81-f4db-53fa-bc3f2aa02ce1",
  "outputs": {},
  "resources": [
    {
      "mode": "data",
      "type": "spotify_search_track",
      "name": "karanaujla",
      "provider": "provider[\"registry.terraform.io/conradludgate/spotify\"]",
      "instances": [
        {
          "schema_version": 0,
          "attributes": {
            "album": null,
            "artist": "Karan Aujla",
            "explicit": true,
            "id": "1722523676",
            "limit": 10,
            "name": null,
            "tracks": [
              {
                "album": "72nKBrp0K6Nv6Q76TmEWLY",
                "artists": [
                  "6DARBhWbfcS9E4yJzcliqQ"
                ],
                "id": "16kiQQ4BoLHDyj5W2fkfNK",
                "name": "Tauba Tauba (From \"Bad Newz\")"
              },
              {
                "album": "09LRfKybx7mDRlMtysHrcX",
                "artists": [
                  "6DARBhWbfcS9E4yJzcliqQ"
                ],
                "id": "5ouREJYZCYqwF0p7VeUtfH",
                "name": "IDK HOW"
              },
              {
                "album": "0pLUWCJtTpJCcYpzSTK7oC",
                "artists": [
                  "6DARBhWbfcS9E4yJzcliqQ",
                  "5Us2dsq4VHlfLbKOrskg7K"
                ],
                "id": "3FqtduiaqnFYvBgKuc6QWQ",
                "name": "Winning Speech"
              },
              {
                "album": "09LRfKybx7mDRlMtysHrcX",
                "artists": [
                  "6DARBhWbfcS9E4yJzcliqQ"
                ],
                "id": "7KmCQLSSde0UX5OqCgvGN9",
                "name": "ANTIDOTE"
              },
              {
                "album": "3BGU0BqGwBkYDHpfCWFm7I",
                "artists": [
                  "6DARBhWbfcS9E4yJzcliqQ",
                  "3nqS8jzqmsPKFJTp0BOIel"
                ],
                "id": "0YQJoDL6f46J0n1rOVkpxJ",
                "name": "Softly"
              },
              {
                "album": "0LcyzKKw3RjFKL6ygISTeU",
                "artists": [
                  "0y59o4v8uw5crbN9M3JiL1",
                  "6DARBhWbfcS9E4yJzcliqQ",
                  "597A6e3D22Vq4gxyh4mUjh"
                ],
                "id": "209QxKVJzh2FLUmZHpYs4m",
                "name": "God Damn"
              },
              {
                "album": "3rOSq53b9Cv7ygKe5NwKNJ",
                "artists": [
                  "4qjiRRFcM4WZ0aJ3IHdWPN",
                  "6DARBhWbfcS9E4yJzcliqQ",
                  "5gZhfbckaWo89OzDSk3gdT"
                ],
                "id": "3nKQrVVlwbAQSnFbgZWdN0",
                "name": "White Brown Black"
              },
              {
                "album": "6ephunHyThVj3tQkGgZKpJ",
                "artists": [
                  "6DARBhWbfcS9E4yJzcliqQ"
                ],
                "id": "4SJMuaIYcBS8ke96lDYOsw",
                "name": "On Top"
              },
              {
                "album": "3uXGbWKTUkC14RmbgjTQlM",
                "artists": [
                  "6DARBhWbfcS9E4yJzcliqQ",
                  "5Us2dsq4VHlfLbKOrskg7K"
                ],
                "id": "3txE0SZnwamBhYB2ZQtHwU",
                "name": "Goin' Off"
              },
              {
                "album": "6bqZS60eLo3NhEQDtuUGaW",
                "artists": [
                  "6DARBhWbfcS9E4yJzcliqQ"
                ],
                "id": "25Nxyrng0Z3jC5Q0hAibpw",
                "name": "Tauba Tauba"
              }
            ],
            "year": null
          },
          "sensitive_attributes": []
        }
      ]
    },
    {
      "mode": "managed",
      "type": "spotify_playlist",
      "name": "banger",
      "provider": "provider[\"registry.terraform.io/conradludgate/spotify\"]",
      "instances": [
        {
          "schema_version": 0,
          "attributes": {
            "description": null,
            "id": "1e3FXpW8EO6RwleAz3jyGF",
            "name": "Banger",
            "public": true,
            "snapshot_id": "AAAAArBiYWNVNOTgrA+gyO4N7a1NRMpt",
            "tracks": [
              "16kiQQ4BoLHDyj5W2fkfNK",
              "5ouREJYZCYqwF0p7VeUtfH",
              "3FqtduiaqnFYvBgKuc6QWQ",
              "7KmCQLSSde0UX5OqCgvGN9",
              "0YQJoDL6f46J0n1rOVkpxJ"
            ]
          },
          "sensitive_attributes": [],
          "private": "bnVsbA==",
          "dependencies": [
            "data.spotify_search_track.karanaujla"
          ]
        }
      ]
    },
    {
      "mode": "managed",
      "type": "spotify_playlist",
      "name": "playlist",
      "provider": "provider[\"registry.terraform.io/conradludgate/spotify\"]",
      "instances": [
        {
          "schema_version": 0,
          "attributes": {
            "description": "",
            "id": "0N9f5SmE8wRAMDSsqzG7ha",
            "name": "Routine",
            "public": true,
            "snapshot_id": "AAAAAovOBP9s66OMkxgqA7poBlI4Bw3G",
            "tracks": [
              "6rFckZb1cuJYzsZiGHgqks"
            ]
          },
          "sensitive_attributes": [],
          "private": "bnVsbA=="
        }
      ]
    }
  ],
  "check_results": null
}
