{
  "version": 4,
  "terraform_version": "1.9.3",
  "serial": 3,
  "lineage": "6fb2f3b7-4f81-f4db-53fa-bc3f2aa02ce1",
  "outputs": {},
  "resources": [
    {
      "mode": "data",
      "type": "spotify_track",
      "name": "blackwater",
      "provider": "provider[\"registry.terraform.io/conradludgate/spotify\"]",
      "instances": [
        {
          "schema_version": 0,
          "attributes": {
            "album": "1AUS845POFhV3oDytPImEZ",
            "artists": [
              "0qPGd8tOMHlFZt8EA1uLFY"
            ],
            "id": "4lE6N1E0L8CssgKEUCgdbA",
            "name": "Blackwater",
            "spotify_id": null,
            "url": "https://open.spotify.com/track/4lE6N1E0L8CssgKEUCgdbA"
          },
          "sensitive_attributes": []
        }
      ]
    },
    {
      "mode": "data",
      "type": "spotify_track",
      "name": "overkill",
      "provider": "provider[\"registry.terraform.io/conradludgate/spotify\"]",
      "instances": [
        {
          "schema_version": 0,
          "attributes": {
            "album": "1AUS845POFhV3oDytPImEZ",
            "artists": [
              "0qPGd8tOMHlFZt8EA1uLFY"
            ],
            "id": "4XdaaDFE881SlIaz31pTAG",
            "name": "Overkill",
            "spotify_id": null,
            "url": "https://open.spotify.com/track/4XdaaDFE881SlIaz31pTAG"
          },
          "sensitive_attributes": []
        }
      ]
    },
    {
      "mode": "data",
      "type": "spotify_track",
      "name": "snowblind",
      "provider": "provider[\"registry.terraform.io/conradludgate/spotify\"]",
      "instances": [
        {
          "schema_version": 0,
          "attributes": {
            "album": "0WN6DDT0KiiTctSsKSFQDA",
            "artists": [
              "40WIa01eubnEVkxUHeDZyF",
              "7sLv4bED064cYa2XhF85og"
            ],
            "id": "7FCG2wIYG1XvGRUMACC2cD",
            "name": "Snowblind",
            "spotify_id": null,
            "url": "https://open.spotify.com/track/7FCG2wIYG1XvGRUMACC2cD"
          },
          "sensitive_attributes": []
        }
      ]
    },
    {
      "mode": "managed",
      "type": "spotify_playlist",
      "name": "playlist",
      "provider": "provider[\"registry.terraform.io/conradludgate/spotify\"]",
      "instances": [
        {
          "schema_version": 0,
          "attributes": {
            "description": "My playlist is so awesome",
            "id": "0N9f5SmE8wRAMDSsqzG7ha",
            "name": "Gym freak",
            "public": false,
            "snapshot_id": "AAAAAovOBP9s66OMkxgqA7poBlI4Bw3G",
            "tracks": [
              "4XdaaDFE881SlIaz31pTAG",
              "4lE6N1E0L8CssgKEUCgdbA",
              "7FCG2wIYG1XvGRUMACC2cD"
            ]
          },
          "sensitive_attributes": [],
          "private": "bnVsbA==",
          "dependencies": [
            "data.spotify_track.blackwater",
            "data.spotify_track.overkill",
            "data.spotify_track.snowblind"
          ]
        }
      ]
    }
  ],
  "check_results": null
}
